
Microsoft Visual Studio Solution File, Format Version 12.00
# Visual Studio Version 17
VisualStudioVersion = 17.12.35506.116
MinimumVisualStudioVersion = 10.0.40219.1
Project("{FAE04EC0-301F-11D3-BF4B-00C04F79EFBC}") = "Week1_01", "Week1\Week1_01.csproj", "{A8FD40A2-5C4D-4EF5-8876-88AB1A7C5D63}"
EndProject
Project("{FAE04EC0-301F-11D3-BF4B-00C04F79EFBC}") = "Week1_02", "Week1_02\Week1_02.csproj", "{F45B30F8-7CA1-4DFB-9D35-F3253B07D9AD}"
EndProject
Project("{FAE04EC0-301F-11D3-BF4B-00C04F79EFBC}") = "Week1_03", "Week1_03\Week1_03.csproj", "{C0C1941F-492F-4D47-9527-F3076095C823}"
EndProject
Project("{FAE04EC0-301F-11D3-BF4B-00C04F79EFBC}") = "Week1_04", "Week1_04\Week1_04.csproj", "{2C58DBF6-8D0A-4A5F-BD63-3DA4DBFA7D52}"
EndProject
Project("{FAE04EC0-301F-11D3-BF4B-00C04F79EFBC}") = "Week1_05", "Week1_05\Week1_05.csproj", "{50878E0A-0AA2-41B0-8291-FB413BB42AAE}"
EndProject
Project("{FAE04EC0-301F-11D3-BF4B-00C04F79EFBC}") = "Week2_01", "Week2_01\Week2_01.csproj", "{391B93ED-8779-4203-84E4-A1F97AC02448}"
EndProject
Project("{FAE04EC0-301F-11D3-BF4B-00C04F79EFBC}") = "Week2_02", "Week2_02\Week2_02.csproj", "{F84E6249-7214-411A-B6D5-7F573C0E7A55}"
EndProject
Project("{FAE04EC0-301F-11D3-BF4B-00C04F79EFBC}") = "Week2_03", "Week2_03\Week2_03.csproj", "{D0F0915E-4423-4B9E-975B-4CE06364793F}"
EndProject
Global
	GlobalSection(SolutionConfigurationPlatforms) = preSolution
		Debug|Any CPU = Debug|Any CPU
		Release|Any CPU = Release|Any CPU
	EndGlobalSection
	GlobalSection(ProjectConfigurationPlatforms) = postSolution
		{A8FD40A2-5C4D-4EF5-8876-88AB1A7C5D63}.Debug|Any CPU.ActiveCfg = Debug|Any CPU
		{A8FD40A2-5C4D-4EF5-8876-88AB1A7C5D63}.Debug|Any CPU.Build.0 = Debug|Any CPU
		{A8FD40A2-5C4D-4EF5-8876-88AB1A7C5D63}.Release|Any CPU.ActiveCfg = Release|Any CPU
		{A8FD40A2-5C4D-4EF5-8876-88AB1A7C5D63}.Release|Any CPU.Build.0 = Release|Any CPU
		{F45B30F8-7CA1-4DFB-9D35-F3253B07D9AD}.Debug|Any CPU.ActiveCfg = Debug|Any CPU
		{F45B30F8-7CA1-4DFB-9D35-F3253B07D9AD}.Debug|Any CPU.Build.0 = Debug|Any CPU
		{F45B30F8-7CA1-4DFB-9D35-F3253B07D9AD}.Release|Any CPU.ActiveCfg = Release|Any CPU
		{F45B30F8-7CA1-4DFB-9D35-F3253B07D9AD}.Release|Any CPU.Build.0 = Release|Any CPU
		{C0C1941F-492F-4D47-9527-F3076095C823}.Debug|Any CPU.ActiveCfg = Debug|Any CPU
		{C0C1941F-492F-4D47-9527-F3076095C823}.Debug|Any CPU.Build.0 = Debug|Any CPU
		{C0C1941F-492F-4D47-9527-F3076095C823}.Release|Any CPU.ActiveCfg = Release|Any CPU
		{C0C1941F-492F-4D47-9527-F3076095C823}.Release|Any CPU.Build.0 = Release|Any CPU
		{2C58DBF6-8D0A-4A5F-BD63-3DA4DBFA7D52}.Debug|Any CPU.ActiveCfg = Debug|Any CPU
		{2C58DBF6-8D0A-4A5F-BD63-3DA4DBFA7D52}.Debug|Any CPU.Build.0 = Debug|Any CPU
		{2C58DBF6-8D0A-4A5F-BD63-3DA4DBFA7D52}.Release|Any CPU.ActiveCfg = Release|Any CPU
		{2C58DBF6-8D0A-4A5F-BD63-3DA4DBFA7D52}.Release|Any CPU.Build.0 = Release|Any CPU
		{50878E0A-0AA2-41B0-8291-FB413BB42AAE}.Debug|Any CPU.ActiveCfg = Debug|Any CPU
		{50878E0A-0AA2-41B0-8291-FB413BB42AAE}.Debug|Any CPU.Build.0 = Debug|Any CPU
		{50878E0A-0AA2-41B0-8291-FB413BB42AAE}.Release|Any CPU.ActiveCfg = Release|Any CPU
		{50878E0A-0AA2-41B0-8291-FB413BB42AAE}.Release|Any CPU.Build.0 = Release|Any CPU
		{391B93ED-8779-4203-84E4-A1F97AC02448}.Debug|Any CPU.ActiveCfg = Debug|Any CPU
		{391B93ED-8779-4203-84E4-A1F97AC02448}.Debug|Any CPU.Build.0 = Debug|Any CPU
		{391B93ED-8779-4203-84E4-A1F97AC02448}.Release|Any CPU.ActiveCfg = Release|Any CPU
		{391B93ED-8779-4203-84E4-A1F97AC02448}.Release|Any CPU.Build.0 = Release|Any CPU
		{F84E6249-7214-411A-B6D5-7F573C0E7A55}.Debug|Any CPU.ActiveCfg = Debug|Any CPU
		{F84E6249-7214-411A-B6D5-7F573C0E7A55}.Debug|Any CPU.Build.0 = Debug|Any CPU
		{F84E6249-7214-411A-B6D5-7F573C0E7A55}.Release|Any CPU.ActiveCfg = Release|Any CPU
		{F84E6249-7214-411A-B6D5-7F573C0E7A55}.Release|Any CPU.Build.0 = Release|Any CPU
		{D0F0915E-4423-4B9E-975B-4CE06364793F}.Debug|Any CPU.ActiveCfg = Debug|Any CPU
		{D0F0915E-4423-4B9E-975B-4CE06364793F}.Debug|Any CPU.Build.0 = Debug|Any CPU
		{D0F0915E-4423-4B9E-975B-4CE06364793F}.Release|Any CPU.ActiveCfg = Release|Any CPU
		{D0F0915E-4423-4B9E-975B-4CE06364793F}.Release|Any CPU.Build.0 = Release|Any CPU
	EndGlobalSection
	GlobalSection(SolutionProperties) = preSolution
		HideSolutionNode = FALSE
	EndGlobalSection
EndGlobal
